
Microsoft Visual Studio Solution File, Format Version 12.00
# Visual Studio Version 17
VisualStudioVersion = 17.6.33815.320
MinimumVisualStudioVersion = 10.0.40219.1
Project("{888888A0-9F3D-457C-B088-3A5042F75D52}") = "brandefense", "brandefense\brandefense.pyproj", "{38BD3337-1E95-4358-803A-2D2436651FE0}"
EndProject
Global
	GlobalSection(SolutionConfigurationPlatforms) = preSolution
		Debug|Any CPU = Debug|Any CPU
		Release|Any CPU = Release|Any CPU
	EndGlobalSection
	GlobalSection(ProjectConfigurationPlatforms) = postSolution
		{38BD3337-1E95-4358-803A-2D2436651FE0}.Debug|Any CPU.ActiveCfg = Debug|Any CPU
		{38BD3337-1E95-4358-803A-2D2436651FE0}.Release|Any CPU.ActiveCfg = Release|Any CPU
	EndGlobalSection
	GlobalSection(SolutionProperties) = preSolution
		HideSolutionNode = FALSE
	EndGlobalSection
	GlobalSection(ExtensibilityGlobals) = postSolution
		SolutionGuid = {E68C0E14-BAD8-4FF2-9EE9-17CDE9F211A6}
	EndGlobalSection
EndGlobal
